
Microsoft Visual Studio Solution File, Format Version 12.00
# Visual Studio Version 16
VisualStudioVersion = 16.0.30615.102
MinimumVisualStudioVersion = 10.0.40219.1
Project("{FAE04EC0-301F-11D3-BF4B-00C04F79EFBC}") = "ProjectBedrock", "ProjectBedrock\ProjectBedrock.csproj", "{DCD668CC-1D64-4FBD-9B11-D6F75684D15B}"
EndProject
Global
	GlobalSection(SolutionConfigurationPlatforms) = preSolution
		Debug|Any CPU = Debug|Any CPU
		Release|Any CPU = Release|Any CPU
	EndGlobalSection
	GlobalSection(ProjectConfigurationPlatforms) = postSolution
		{DCD668CC-1D64-4FBD-9B11-D6F75684D15B}.Debug|Any CPU.ActiveCfg = Debug|Any CPU
		{DCD668CC-1D64-4FBD-9B11-D6F75684D15B}.Debug|Any CPU.Build.0 = Debug|Any CPU
		{DCD668CC-1D64-4FBD-9B11-D6F75684D15B}.Release|Any CPU.ActiveCfg = Release|Any CPU
		{DCD668CC-1D64-4FBD-9B11-D6F75684D15B}.Release|Any CPU.Build.0 = Release|Any CPU
	EndGlobalSection
	GlobalSection(SolutionProperties) = preSolution
		HideSolutionNode = FALSE
	EndGlobalSection
	GlobalSection(ExtensibilityGlobals) = postSolution
		SolutionGuid = {34A5A4AA-B342-4B03-A34E-272C7FA4F552}
	EndGlobalSection
EndGlobal
